
Microsoft Visual Studio Solution File, Format Version 12.00
# Visual Studio Version 16
VisualStudioVersion = 16.0.29806.167
MinimumVisualStudioVersion = 10.0.40219.1
Project("{9A19103F-16F7-4668-BE54-9A1E7A4F7556}") = "BLL", "BLL\BLL.csproj", "{CCA571AA-461E-416C-BA50-4C3EAA2B937D}"
EndProject
Project("{FAE04EC0-301F-11D3-BF4B-00C04F79EFBC}") = "WinFormsFramework", "WinFormsFramework\WinFormsFramework.csproj", "{0DB49498-0212-4D21-8674-200EA088AC7D}"
EndProject
Project("{FAE04EC0-301F-11D3-BF4B-00C04F79EFBC}") = "DAL", "DAL\DAL.csproj", "{505092B9-0570-4822-92D1-2C7505E119E8}"
EndProject
Project("{2150E333-8FDC-42A3-9474-1A3956D46DE8}") = "Base", "Base", "{4984EC06-DBA1-461C-AE62-F4A9EB6B39EE}"
EndProject
Project("{2150E333-8FDC-42A3-9474-1A3956D46DE8}") = "OpenAPI-NetCore-SignalR", "OpenAPI-NetCore-SignalR", "{4B949B0B-EB7B-4AC8-9EAE-38380EEBF813}"
EndProject
Project("{9A19103F-16F7-4668-BE54-9A1E7A4F7556}") = "ApiService", "ApiService\ApiService.csproj", "{215B35F2-A076-4A95-A11C-231013529177}"
EndProject
Project("{FAE04EC0-301F-11D3-BF4B-00C04F79EFBC}") = "ApiDomain", "ApiDomain\ApiDomain.csproj", "{2D235540-EB6D-4127-A701-181C7D7CA75E}"
EndProject
Project("{9A19103F-16F7-4668-BE54-9A1E7A4F7556}") = "ApiCore", "ApiCore\ApiCore.csproj", "{6F0F7275-B3B2-4BAD-BA97-815DEA877B78}"
EndProject
Global
	GlobalSection(SolutionConfigurationPlatforms) = preSolution
		Debug|Any CPU = Debug|Any CPU
		Release|Any CPU = Release|Any CPU
	EndGlobalSection
	GlobalSection(ProjectConfigurationPlatforms) = postSolution
		{CCA571AA-461E-416C-BA50-4C3EAA2B937D}.Debug|Any CPU.ActiveCfg = Debug|Any CPU
		{CCA571AA-461E-416C-BA50-4C3EAA2B937D}.Debug|Any CPU.Build.0 = Debug|Any CPU
		{CCA571AA-461E-416C-BA50-4C3EAA2B937D}.Release|Any CPU.ActiveCfg = Release|Any CPU
		{CCA571AA-461E-416C-BA50-4C3EAA2B937D}.Release|Any CPU.Build.0 = Release|Any CPU
		{0DB49498-0212-4D21-8674-200EA088AC7D}.Debug|Any CPU.ActiveCfg = Debug|Any CPU
		{0DB49498-0212-4D21-8674-200EA088AC7D}.Debug|Any CPU.Build.0 = Debug|Any CPU
		{0DB49498-0212-4D21-8674-200EA088AC7D}.Release|Any CPU.ActiveCfg = Release|Any CPU
		{0DB49498-0212-4D21-8674-200EA088AC7D}.Release|Any CPU.Build.0 = Release|Any CPU
		{505092B9-0570-4822-92D1-2C7505E119E8}.Debug|Any CPU.ActiveCfg = Debug|Any CPU
		{505092B9-0570-4822-92D1-2C7505E119E8}.Debug|Any CPU.Build.0 = Debug|Any CPU
		{505092B9-0570-4822-92D1-2C7505E119E8}.Release|Any CPU.ActiveCfg = Release|Any CPU
		{505092B9-0570-4822-92D1-2C7505E119E8}.Release|Any CPU.Build.0 = Release|Any CPU
		{215B35F2-A076-4A95-A11C-231013529177}.Debug|Any CPU.ActiveCfg = Debug|Any CPU
		{215B35F2-A076-4A95-A11C-231013529177}.Debug|Any CPU.Build.0 = Debug|Any CPU
		{215B35F2-A076-4A95-A11C-231013529177}.Release|Any CPU.ActiveCfg = Release|Any CPU
		{215B35F2-A076-4A95-A11C-231013529177}.Release|Any CPU.Build.0 = Release|Any CPU
		{2D235540-EB6D-4127-A701-181C7D7CA75E}.Debug|Any CPU.ActiveCfg = Debug|Any CPU
		{2D235540-EB6D-4127-A701-181C7D7CA75E}.Debug|Any CPU.Build.0 = Debug|Any CPU
		{2D235540-EB6D-4127-A701-181C7D7CA75E}.Release|Any CPU.ActiveCfg = Release|Any CPU
		{2D235540-EB6D-4127-A701-181C7D7CA75E}.Release|Any CPU.Build.0 = Release|Any CPU
		{6F0F7275-B3B2-4BAD-BA97-815DEA877B78}.Debug|Any CPU.ActiveCfg = Debug|Any CPU
		{6F0F7275-B3B2-4BAD-BA97-815DEA877B78}.Debug|Any CPU.Build.0 = Debug|Any CPU
		{6F0F7275-B3B2-4BAD-BA97-815DEA877B78}.Release|Any CPU.ActiveCfg = Release|Any CPU
		{6F0F7275-B3B2-4BAD-BA97-815DEA877B78}.Release|Any CPU.Build.0 = Release|Any CPU
	EndGlobalSection
	GlobalSection(SolutionProperties) = preSolution
		HideSolutionNode = FALSE
	EndGlobalSection
	GlobalSection(NestedProjects) = preSolution
		{CCA571AA-461E-416C-BA50-4C3EAA2B937D} = {4984EC06-DBA1-461C-AE62-F4A9EB6B39EE}
		{0DB49498-0212-4D21-8674-200EA088AC7D} = {4984EC06-DBA1-461C-AE62-F4A9EB6B39EE}
		{505092B9-0570-4822-92D1-2C7505E119E8} = {4984EC06-DBA1-461C-AE62-F4A9EB6B39EE}
		{215B35F2-A076-4A95-A11C-231013529177} = {4B949B0B-EB7B-4AC8-9EAE-38380EEBF813}
		{2D235540-EB6D-4127-A701-181C7D7CA75E} = {4B949B0B-EB7B-4AC8-9EAE-38380EEBF813}
		{6F0F7275-B3B2-4BAD-BA97-815DEA877B78} = {4B949B0B-EB7B-4AC8-9EAE-38380EEBF813}
	EndGlobalSection
	GlobalSection(ExtensibilityGlobals) = postSolution
		SolutionGuid = {388BE47D-B5BA-4439-858F-58B1F370E0DE}
	EndGlobalSection
EndGlobal
