
Microsoft Visual Studio Solution File, Format Version 12.00
# Visual Studio Version 16
VisualStudioVersion = 16.0.29806.167
MinimumVisualStudioVersion = 10.0.40219.1
Project("{9A19103F-16F7-4668-BE54-9A1E7A4F7556}") = "BLL", "BLL\BLL.csproj", "{CCA571AA-461E-416C-BA50-4C3EAA2B937D}"
EndProject
Project("{FAE04EC0-301F-11D3-BF4B-00C04F79EFBC}") = "DAL", "DAL\DAL.csproj", "{505092B9-0570-4822-92D1-2C7505E119E8}"
EndProject
Project("{2150E333-8FDC-42A3-9474-1A3956D46DE8}") = "prob", "prob", "{4984EC06-DBA1-461C-AE62-F4A9EB6B39EE}"
EndProject
Project("{9A19103F-16F7-4668-BE54-9A1E7A4F7556}") = "ServiceUserBase", "ServiceUserBase\ServiceUserBase.csproj", "{7A442938-D64B-44DF-A59F-1B8EE3B1C496}"
EndProject
Project("{9A19103F-16F7-4668-BE54-9A1E7A4F7556}") = "ServiceUserImplementation", "ServiceUserImplementation\ServiceUserImplementation.csproj", "{7B179D3C-2FF2-4CF6-9315-D50EE7B7780F}"
EndProject
Project("{9A19103F-16F7-4668-BE54-9A1E7A4F7556}") = "GenerationServiceBase", "GenerationServiceBase\GenerationServiceBase.csproj", "{F7CF7D02-31CF-4DD5-827B-7C9F98ED483A}"
EndProject
Project("{9A19103F-16F7-4668-BE54-9A1E7A4F7556}") = "SegmentationServiceBase", "SegmentationServiceBase\SegmentationServiceBase.csproj", "{4E8AFE3E-BFEF-4228-94E0-33DB13274E51}"
EndProject
Project("{2150E333-8FDC-42A3-9474-1A3956D46DE8}") = "Clients", "Clients", "{F4B640F3-C90F-48A2-84F4-F976EFD0D2EC}"
EndProject
Project("{2150E333-8FDC-42A3-9474-1A3956D46DE8}") = "Domains", "Domains", "{B06DCCA1-D99B-459A-920B-B20301F9EF27}"
EndProject
Project("{2150E333-8FDC-42A3-9474-1A3956D46DE8}") = "Services", "Services", "{B0342D6E-B86D-482A-ABC2-A6390264CEA3}"
EndProject
Project("{2150E333-8FDC-42A3-9474-1A3956D46DE8}") = "UserServices", "UserServices", "{E97E7A28-AE9B-47D8-BF93-4B52E6BCC8B9}"
EndProject
Project("{2150E333-8FDC-42A3-9474-1A3956D46DE8}") = "SegmentationServices", "SegmentationServices", "{75494117-5512-4E93-882D-E24CE3C3E9D0}"
EndProject
Project("{2150E333-8FDC-42A3-9474-1A3956D46DE8}") = "GenerationServices", "GenerationServices", "{4AE96FFF-CE26-4CEE-9703-51373E210D6D}"
EndProject
Project("{2150E333-8FDC-42A3-9474-1A3956D46DE8}") = "UI", "UI", "{CE7CBA4B-5724-48CF-9C81-782DE2936879}"
EndProject
Project("{2150E333-8FDC-42A3-9474-1A3956D46DE8}") = "ApiNet", "ApiNet", "{48A8E8E1-7C24-4EEA-9B07-E5BCEC3928B8}"
EndProject
Project("{2150E333-8FDC-42A3-9474-1A3956D46DE8}") = "ApiPython", "ApiPython", "{516EE040-0CCF-47E1-BC2F-23D3003FD66C}"
EndProject
Project("{9A19103F-16F7-4668-BE54-9A1E7A4F7556}") = "OpenApiSqlDomain", "OpenApiSqlDomain\OpenApiSqlDomain.csproj", "{C61518B1-EF2D-44B5-B46B-C38755161451}"
EndProject
Project("{2150E333-8FDC-42A3-9474-1A3956D46DE8}") = "UI", "UI", "{8E73055D-23E2-440A-9879-31E17B7F619B}"
EndProject
Project("{2150E333-8FDC-42A3-9474-1A3956D46DE8}") = "Services", "Services", "{7899C939-75B0-44E1-8B68-D24F64F1DF91}"
EndProject
Project("{9A19103F-16F7-4668-BE54-9A1E7A4F7556}") = "ApiNetPorousImageServiceBase", "ApiNetPorousImageServiceBase\ApiNetPorousImageServiceBase.csproj", "{1427B92E-749F-46B9-8B3C-D2FE5FCCD27C}"
EndProject
Project("{2150E333-8FDC-42A3-9474-1A3956D46DE8}") = "Domains", "Domains", "{1678E77C-A5F6-45D9-9BC8-DC8355D5B0CC}"
EndProject
Project("{9A19103F-16F7-4668-BE54-9A1E7A4F7556}") = "ApiNetOpenApi", "ApiNetOpenApi\ApiNetOpenApi.csproj", "{A9200DD8-FDCF-4455-AF8B-C3F246C4E938}"
EndProject
Project("{9A19103F-16F7-4668-BE54-9A1E7A4F7556}") = "ApiNetMicroCTServiceBase", "ApiNetMicroCTServiceBase\ApiNetMicroCTServiceBase.csproj", "{3FA052B4-5672-43D0-96D5-3D361411A742}"
EndProject
Project("{9A19103F-16F7-4668-BE54-9A1E7A4F7556}") = "ApiNetPGGANServiceBase", "ApiNetPGGANServiceBase\ApiNetPGGANServiceBase.csproj", "{82EB4D1B-8F56-417B-AB16-7A89BCC06345}"
EndProject
Project("{9A19103F-16F7-4668-BE54-9A1E7A4F7556}") = "ApiNetPGGANsTrainingServiceBase", "ApiNetPGGANsTrainingServiceBase\ApiNetPGGANsTrainingServiceBase.csproj", "{B48FDCC9-9938-41D7-958D-A8CC0D0B2E59}"
EndProject
Project("{9A19103F-16F7-4668-BE54-9A1E7A4F7556}") = "ApiCRUDServiceBase", "ApiCRUDServiceBase\ApiCRUDServiceBase.csproj", "{4678E9B9-12C3-42DD-8E5E-9BF9C1189FFE}"
EndProject
Project("{9A19103F-16F7-4668-BE54-9A1E7A4F7556}") = "ApiNetPGGANResolutionServiceBase", "ApiNetPGGANResolutionServiceBase\ApiNetPGGANResolutionServiceBase.csproj", "{A59E50B8-318D-4710-8D62-83E512B2EE7E}"
EndProject
Project("{9A19103F-16F7-4668-BE54-9A1E7A4F7556}") = "ApiNetPGGANSampleServiceBase", "ApiNetPGGANSampleServiceBase\ApiNetPGGANSampleServiceBase.csproj", "{38F0A858-E480-47ED-A0F3-F12A24B80022}"
EndProject
Project("{9A19103F-16F7-4668-BE54-9A1E7A4F7556}") = "ApiNetPGGANTrainingResolutionStatus", "ApiNetPGGANTrainingResolutionStatus\ApiNetPGGANTrainingResolutionStatus.csproj", "{9AB2406E-D412-4850-9290-0A471256CCA6}"
EndProject
Project("{9A19103F-16F7-4668-BE54-9A1E7A4F7556}") = "ApiNetImageProcessingServiceBase", "ApiNetImageProcessingServiceBase\ApiNetImageProcessingServiceBase.csproj", "{E39528AE-3757-4A13-83E7-82EEDA222B2D}"
EndProject
Project("{9A19103F-16F7-4668-BE54-9A1E7A4F7556}") = "ApiNetPolygonalModelingServiceBase", "ApiNetPolygonalModelingServiceBase\ApiNetPolygonalModelingServiceBase.csproj", "{EEA25907-336C-401F-990A-99F9E232F104}"
EndProject
Project("{9A19103F-16F7-4668-BE54-9A1E7A4F7556}") = "ApiNetGenerationImageServiceBase", "ApiNetGenerationImageServiceBase\ApiNetGenerationImageServiceBase.csproj", "{413354EA-E767-41C7-B117-D01F8A5BE4AF}"
EndProject
Project("{9A19103F-16F7-4668-BE54-9A1E7A4F7556}") = "WebClientDomain", "WebClientDomain\WebClientDomain.csproj", "{AE77FBD7-0BD6-4EAE-9965-D01FF5FE259B}"
EndProject
Project("{9A19103F-16F7-4668-BE54-9A1E7A4F7556}") = "ConsoleApp1", "ConsoleApp1\ConsoleApp1.csproj", "{A3D7A626-BB15-4B9C-BB37-A700032F8E75}"
EndProject
Project("{FAE04EC0-301F-11D3-BF4B-00C04F79EFBC}") = "NetFrameworkConsoleApp", "NetFrameworkConsoleApp\NetFrameworkConsoleApp.csproj", "{264F8494-E64C-4A45-A455-0F9603A431AD}"
EndProject
Global
	GlobalSection(SolutionConfigurationPlatforms) = preSolution
		Debug|Any CPU = Debug|Any CPU
		Release|Any CPU = Release|Any CPU
	EndGlobalSection
	GlobalSection(ProjectConfigurationPlatforms) = postSolution
		{CCA571AA-461E-416C-BA50-4C3EAA2B937D}.Debug|Any CPU.ActiveCfg = Debug|Any CPU
		{CCA571AA-461E-416C-BA50-4C3EAA2B937D}.Debug|Any CPU.Build.0 = Debug|Any CPU
		{CCA571AA-461E-416C-BA50-4C3EAA2B937D}.Release|Any CPU.ActiveCfg = Release|Any CPU
		{CCA571AA-461E-416C-BA50-4C3EAA2B937D}.Release|Any CPU.Build.0 = Release|Any CPU
		{505092B9-0570-4822-92D1-2C7505E119E8}.Debug|Any CPU.ActiveCfg = Debug|Any CPU
		{505092B9-0570-4822-92D1-2C7505E119E8}.Debug|Any CPU.Build.0 = Debug|Any CPU
		{505092B9-0570-4822-92D1-2C7505E119E8}.Release|Any CPU.ActiveCfg = Release|Any CPU
		{505092B9-0570-4822-92D1-2C7505E119E8}.Release|Any CPU.Build.0 = Release|Any CPU
		{7A442938-D64B-44DF-A59F-1B8EE3B1C496}.Debug|Any CPU.ActiveCfg = Debug|Any CPU
		{7A442938-D64B-44DF-A59F-1B8EE3B1C496}.Debug|Any CPU.Build.0 = Debug|Any CPU
		{7A442938-D64B-44DF-A59F-1B8EE3B1C496}.Release|Any CPU.ActiveCfg = Release|Any CPU
		{7A442938-D64B-44DF-A59F-1B8EE3B1C496}.Release|Any CPU.Build.0 = Release|Any CPU
		{7B179D3C-2FF2-4CF6-9315-D50EE7B7780F}.Debug|Any CPU.ActiveCfg = Debug|Any CPU
		{7B179D3C-2FF2-4CF6-9315-D50EE7B7780F}.Debug|Any CPU.Build.0 = Debug|Any CPU
		{7B179D3C-2FF2-4CF6-9315-D50EE7B7780F}.Release|Any CPU.ActiveCfg = Release|Any CPU
		{7B179D3C-2FF2-4CF6-9315-D50EE7B7780F}.Release|Any CPU.Build.0 = Release|Any CPU
		{F7CF7D02-31CF-4DD5-827B-7C9F98ED483A}.Debug|Any CPU.ActiveCfg = Debug|Any CPU
		{F7CF7D02-31CF-4DD5-827B-7C9F98ED483A}.Debug|Any CPU.Build.0 = Debug|Any CPU
		{F7CF7D02-31CF-4DD5-827B-7C9F98ED483A}.Release|Any CPU.ActiveCfg = Release|Any CPU
		{F7CF7D02-31CF-4DD5-827B-7C9F98ED483A}.Release|Any CPU.Build.0 = Release|Any CPU
		{4E8AFE3E-BFEF-4228-94E0-33DB13274E51}.Debug|Any CPU.ActiveCfg = Debug|Any CPU
		{4E8AFE3E-BFEF-4228-94E0-33DB13274E51}.Debug|Any CPU.Build.0 = Debug|Any CPU
		{4E8AFE3E-BFEF-4228-94E0-33DB13274E51}.Release|Any CPU.ActiveCfg = Release|Any CPU
		{4E8AFE3E-BFEF-4228-94E0-33DB13274E51}.Release|Any CPU.Build.0 = Release|Any CPU
		{C61518B1-EF2D-44B5-B46B-C38755161451}.Debug|Any CPU.ActiveCfg = Debug|Any CPU
		{C61518B1-EF2D-44B5-B46B-C38755161451}.Debug|Any CPU.Build.0 = Debug|Any CPU
		{C61518B1-EF2D-44B5-B46B-C38755161451}.Release|Any CPU.ActiveCfg = Release|Any CPU
		{C61518B1-EF2D-44B5-B46B-C38755161451}.Release|Any CPU.Build.0 = Release|Any CPU
		{1427B92E-749F-46B9-8B3C-D2FE5FCCD27C}.Debug|Any CPU.ActiveCfg = Debug|Any CPU
		{1427B92E-749F-46B9-8B3C-D2FE5FCCD27C}.Debug|Any CPU.Build.0 = Debug|Any CPU
		{1427B92E-749F-46B9-8B3C-D2FE5FCCD27C}.Release|Any CPU.ActiveCfg = Release|Any CPU
		{1427B92E-749F-46B9-8B3C-D2FE5FCCD27C}.Release|Any CPU.Build.0 = Release|Any CPU
		{A9200DD8-FDCF-4455-AF8B-C3F246C4E938}.Debug|Any CPU.ActiveCfg = Debug|Any CPU
		{A9200DD8-FDCF-4455-AF8B-C3F246C4E938}.Debug|Any CPU.Build.0 = Debug|Any CPU
		{A9200DD8-FDCF-4455-AF8B-C3F246C4E938}.Release|Any CPU.ActiveCfg = Release|Any CPU
		{A9200DD8-FDCF-4455-AF8B-C3F246C4E938}.Release|Any CPU.Build.0 = Release|Any CPU
		{3FA052B4-5672-43D0-96D5-3D361411A742}.Debug|Any CPU.ActiveCfg = Debug|Any CPU
		{3FA052B4-5672-43D0-96D5-3D361411A742}.Debug|Any CPU.Build.0 = Debug|Any CPU
		{3FA052B4-5672-43D0-96D5-3D361411A742}.Release|Any CPU.ActiveCfg = Release|Any CPU
		{3FA052B4-5672-43D0-96D5-3D361411A742}.Release|Any CPU.Build.0 = Release|Any CPU
		{82EB4D1B-8F56-417B-AB16-7A89BCC06345}.Debug|Any CPU.ActiveCfg = Debug|Any CPU
		{82EB4D1B-8F56-417B-AB16-7A89BCC06345}.Debug|Any CPU.Build.0 = Debug|Any CPU
		{82EB4D1B-8F56-417B-AB16-7A89BCC06345}.Release|Any CPU.ActiveCfg = Release|Any CPU
		{82EB4D1B-8F56-417B-AB16-7A89BCC06345}.Release|Any CPU.Build.0 = Release|Any CPU
		{B48FDCC9-9938-41D7-958D-A8CC0D0B2E59}.Debug|Any CPU.ActiveCfg = Debug|Any CPU
		{B48FDCC9-9938-41D7-958D-A8CC0D0B2E59}.Debug|Any CPU.Build.0 = Debug|Any CPU
		{B48FDCC9-9938-41D7-958D-A8CC0D0B2E59}.Release|Any CPU.ActiveCfg = Release|Any CPU
		{B48FDCC9-9938-41D7-958D-A8CC0D0B2E59}.Release|Any CPU.Build.0 = Release|Any CPU
		{4678E9B9-12C3-42DD-8E5E-9BF9C1189FFE}.Debug|Any CPU.ActiveCfg = Debug|Any CPU
		{4678E9B9-12C3-42DD-8E5E-9BF9C1189FFE}.Debug|Any CPU.Build.0 = Debug|Any CPU
		{4678E9B9-12C3-42DD-8E5E-9BF9C1189FFE}.Release|Any CPU.ActiveCfg = Release|Any CPU
		{4678E9B9-12C3-42DD-8E5E-9BF9C1189FFE}.Release|Any CPU.Build.0 = Release|Any CPU
		{A59E50B8-318D-4710-8D62-83E512B2EE7E}.Debug|Any CPU.ActiveCfg = Debug|Any CPU
		{A59E50B8-318D-4710-8D62-83E512B2EE7E}.Debug|Any CPU.Build.0 = Debug|Any CPU
		{A59E50B8-318D-4710-8D62-83E512B2EE7E}.Release|Any CPU.ActiveCfg = Release|Any CPU
		{A59E50B8-318D-4710-8D62-83E512B2EE7E}.Release|Any CPU.Build.0 = Release|Any CPU
		{38F0A858-E480-47ED-A0F3-F12A24B80022}.Debug|Any CPU.ActiveCfg = Debug|Any CPU
		{38F0A858-E480-47ED-A0F3-F12A24B80022}.Debug|Any CPU.Build.0 = Debug|Any CPU
		{38F0A858-E480-47ED-A0F3-F12A24B80022}.Release|Any CPU.ActiveCfg = Release|Any CPU
		{38F0A858-E480-47ED-A0F3-F12A24B80022}.Release|Any CPU.Build.0 = Release|Any CPU
		{9AB2406E-D412-4850-9290-0A471256CCA6}.Debug|Any CPU.ActiveCfg = Debug|Any CPU
		{9AB2406E-D412-4850-9290-0A471256CCA6}.Debug|Any CPU.Build.0 = Debug|Any CPU
		{9AB2406E-D412-4850-9290-0A471256CCA6}.Release|Any CPU.ActiveCfg = Release|Any CPU
		{9AB2406E-D412-4850-9290-0A471256CCA6}.Release|Any CPU.Build.0 = Release|Any CPU
		{E39528AE-3757-4A13-83E7-82EEDA222B2D}.Debug|Any CPU.ActiveCfg = Debug|Any CPU
		{E39528AE-3757-4A13-83E7-82EEDA222B2D}.Debug|Any CPU.Build.0 = Debug|Any CPU
		{E39528AE-3757-4A13-83E7-82EEDA222B2D}.Release|Any CPU.ActiveCfg = Release|Any CPU
		{E39528AE-3757-4A13-83E7-82EEDA222B2D}.Release|Any CPU.Build.0 = Release|Any CPU
		{EEA25907-336C-401F-990A-99F9E232F104}.Debug|Any CPU.ActiveCfg = Debug|Any CPU
		{EEA25907-336C-401F-990A-99F9E232F104}.Debug|Any CPU.Build.0 = Debug|Any CPU
		{EEA25907-336C-401F-990A-99F9E232F104}.Release|Any CPU.ActiveCfg = Release|Any CPU
		{EEA25907-336C-401F-990A-99F9E232F104}.Release|Any CPU.Build.0 = Release|Any CPU
		{413354EA-E767-41C7-B117-D01F8A5BE4AF}.Debug|Any CPU.ActiveCfg = Debug|Any CPU
		{413354EA-E767-41C7-B117-D01F8A5BE4AF}.Debug|Any CPU.Build.0 = Debug|Any CPU
		{413354EA-E767-41C7-B117-D01F8A5BE4AF}.Release|Any CPU.ActiveCfg = Release|Any CPU
		{413354EA-E767-41C7-B117-D01F8A5BE4AF}.Release|Any CPU.Build.0 = Release|Any CPU
		{AE77FBD7-0BD6-4EAE-9965-D01FF5FE259B}.Debug|Any CPU.ActiveCfg = Debug|Any CPU
		{AE77FBD7-0BD6-4EAE-9965-D01FF5FE259B}.Debug|Any CPU.Build.0 = Debug|Any CPU
		{AE77FBD7-0BD6-4EAE-9965-D01FF5FE259B}.Release|Any CPU.ActiveCfg = Release|Any CPU
		{AE77FBD7-0BD6-4EAE-9965-D01FF5FE259B}.Release|Any CPU.Build.0 = Release|Any CPU
		{A3D7A626-BB15-4B9C-BB37-A700032F8E75}.Debug|Any CPU.ActiveCfg = Debug|Any CPU
		{A3D7A626-BB15-4B9C-BB37-A700032F8E75}.Debug|Any CPU.Build.0 = Debug|Any CPU
		{A3D7A626-BB15-4B9C-BB37-A700032F8E75}.Release|Any CPU.ActiveCfg = Release|Any CPU
		{A3D7A626-BB15-4B9C-BB37-A700032F8E75}.Release|Any CPU.Build.0 = Release|Any CPU
		{264F8494-E64C-4A45-A455-0F9603A431AD}.Debug|Any CPU.ActiveCfg = Debug|Any CPU
		{264F8494-E64C-4A45-A455-0F9603A431AD}.Debug|Any CPU.Build.0 = Debug|Any CPU
		{264F8494-E64C-4A45-A455-0F9603A431AD}.Release|Any CPU.ActiveCfg = Release|Any CPU
		{264F8494-E64C-4A45-A455-0F9603A431AD}.Release|Any CPU.Build.0 = Release|Any CPU
	EndGlobalSection
	GlobalSection(SolutionProperties) = preSolution
		HideSolutionNode = FALSE
	EndGlobalSection
	GlobalSection(NestedProjects) = preSolution
		{CCA571AA-461E-416C-BA50-4C3EAA2B937D} = {4984EC06-DBA1-461C-AE62-F4A9EB6B39EE}
		{505092B9-0570-4822-92D1-2C7505E119E8} = {B06DCCA1-D99B-459A-920B-B20301F9EF27}
		{7A442938-D64B-44DF-A59F-1B8EE3B1C496} = {E97E7A28-AE9B-47D8-BF93-4B52E6BCC8B9}
		{7B179D3C-2FF2-4CF6-9315-D50EE7B7780F} = {E97E7A28-AE9B-47D8-BF93-4B52E6BCC8B9}
		{F7CF7D02-31CF-4DD5-827B-7C9F98ED483A} = {4AE96FFF-CE26-4CEE-9703-51373E210D6D}
		{4E8AFE3E-BFEF-4228-94E0-33DB13274E51} = {75494117-5512-4E93-882D-E24CE3C3E9D0}
		{B06DCCA1-D99B-459A-920B-B20301F9EF27} = {F4B640F3-C90F-48A2-84F4-F976EFD0D2EC}
		{B0342D6E-B86D-482A-ABC2-A6390264CEA3} = {F4B640F3-C90F-48A2-84F4-F976EFD0D2EC}
		{E97E7A28-AE9B-47D8-BF93-4B52E6BCC8B9} = {B0342D6E-B86D-482A-ABC2-A6390264CEA3}
		{75494117-5512-4E93-882D-E24CE3C3E9D0} = {B0342D6E-B86D-482A-ABC2-A6390264CEA3}
		{4AE96FFF-CE26-4CEE-9703-51373E210D6D} = {B0342D6E-B86D-482A-ABC2-A6390264CEA3}
		{CE7CBA4B-5724-48CF-9C81-782DE2936879} = {F4B640F3-C90F-48A2-84F4-F976EFD0D2EC}
		{C61518B1-EF2D-44B5-B46B-C38755161451} = {1678E77C-A5F6-45D9-9BC8-DC8355D5B0CC}
		{8E73055D-23E2-440A-9879-31E17B7F619B} = {48A8E8E1-7C24-4EEA-9B07-E5BCEC3928B8}
		{7899C939-75B0-44E1-8B68-D24F64F1DF91} = {48A8E8E1-7C24-4EEA-9B07-E5BCEC3928B8}
		{1427B92E-749F-46B9-8B3C-D2FE5FCCD27C} = {7899C939-75B0-44E1-8B68-D24F64F1DF91}
		{1678E77C-A5F6-45D9-9BC8-DC8355D5B0CC} = {48A8E8E1-7C24-4EEA-9B07-E5BCEC3928B8}
		{A9200DD8-FDCF-4455-AF8B-C3F246C4E938} = {8E73055D-23E2-440A-9879-31E17B7F619B}
		{3FA052B4-5672-43D0-96D5-3D361411A742} = {7899C939-75B0-44E1-8B68-D24F64F1DF91}
		{82EB4D1B-8F56-417B-AB16-7A89BCC06345} = {7899C939-75B0-44E1-8B68-D24F64F1DF91}
		{B48FDCC9-9938-41D7-958D-A8CC0D0B2E59} = {7899C939-75B0-44E1-8B68-D24F64F1DF91}
		{4678E9B9-12C3-42DD-8E5E-9BF9C1189FFE} = {7899C939-75B0-44E1-8B68-D24F64F1DF91}
		{A59E50B8-318D-4710-8D62-83E512B2EE7E} = {7899C939-75B0-44E1-8B68-D24F64F1DF91}
		{38F0A858-E480-47ED-A0F3-F12A24B80022} = {7899C939-75B0-44E1-8B68-D24F64F1DF91}
		{9AB2406E-D412-4850-9290-0A471256CCA6} = {7899C939-75B0-44E1-8B68-D24F64F1DF91}
		{E39528AE-3757-4A13-83E7-82EEDA222B2D} = {7899C939-75B0-44E1-8B68-D24F64F1DF91}
		{EEA25907-336C-401F-990A-99F9E232F104} = {7899C939-75B0-44E1-8B68-D24F64F1DF91}
		{413354EA-E767-41C7-B117-D01F8A5BE4AF} = {7899C939-75B0-44E1-8B68-D24F64F1DF91}
		{AE77FBD7-0BD6-4EAE-9965-D01FF5FE259B} = {B06DCCA1-D99B-459A-920B-B20301F9EF27}
		{A3D7A626-BB15-4B9C-BB37-A700032F8E75} = {8E73055D-23E2-440A-9879-31E17B7F619B}
		{264F8494-E64C-4A45-A455-0F9603A431AD} = {8E73055D-23E2-440A-9879-31E17B7F619B}
	EndGlobalSection
	GlobalSection(ExtensibilityGlobals) = postSolution
		SolutionGuid = {388BE47D-B5BA-4439-858F-58B1F370E0DE}
	EndGlobalSection
EndGlobal
